
Microsoft Visual Studio Solution File, Format Version 12.00
# Visual Studio Version 17
VisualStudioVersion = 17.11.35303.130
MinimumVisualStudioVersion = 10.0.40219.1
Project("{FAE04EC0-301F-11D3-BF4B-00C04F79EFBC}") = "Scanned Page Sorter", "Scanned Page Sorter.csproj", "{72B07BED-4572-4D29-BAC5-5707B3312A44}"
EndProject
Global
	GlobalSection(SolutionConfigurationPlatforms) = preSolution
		Debug|Any CPU = Debug|Any CPU
		Release|Any CPU = Release|Any CPU
	EndGlobalSection
	GlobalSection(ProjectConfigurationPlatforms) = postSolution
		{72B07BED-4572-4D29-BAC5-5707B3312A44}.Debug|Any CPU.ActiveCfg = Debug|Any CPU
		{72B07BED-4572-4D29-BAC5-5707B3312A44}.Debug|Any CPU.Build.0 = Debug|Any CPU
		{72B07BED-4572-4D29-BAC5-5707B3312A44}.Release|Any CPU.ActiveCfg = Release|Any CPU
		{72B07BED-4572-4D29-BAC5-5707B3312A44}.Release|Any CPU.Build.0 = Release|Any CPU
	EndGlobalSection
	GlobalSection(SolutionProperties) = preSolution
		HideSolutionNode = FALSE
	EndGlobalSection
	GlobalSection(ExtensibilityGlobals) = postSolution
		SolutionGuid = {CDD63E2A-C856-4069-947B-29B2BFD1DC9C}
	EndGlobalSection
EndGlobal
